
Microsoft Visual Studio Solution File, Format Version 12.00
# Visual Studio Version 16
VisualStudioVersion = 16.0.29201.188
MinimumVisualStudioVersion = 10.0.40219.1
Project("{FAE04EC0-301F-11D3-BF4B-00C04F79EFBC}") = "BillApp", "BillApp\BillApp.csproj", "{86313D72-5297-4BD0-BA85-4554A35E85EE}"
EndProject
Project("{54435603-DBB4-11D2-8724-00A0C9A8B90C}") = "Setup", "Setup\Setup.vdproj", "{C337E6F9-1744-449D-A1CD-9D69B02EC18A}"
EndProject
Global
	GlobalSection(SolutionConfigurationPlatforms) = preSolution
		Debug|Any CPU = Debug|Any CPU
		Release|Any CPU = Release|Any CPU
	EndGlobalSection
	GlobalSection(ProjectConfigurationPlatforms) = postSolution
		{86313D72-5297-4BD0-BA85-4554A35E85EE}.Debug|Any CPU.ActiveCfg = Debug|Any CPU
		{86313D72-5297-4BD0-BA85-4554A35E85EE}.Debug|Any CPU.Build.0 = Debug|Any CPU
		{86313D72-5297-4BD0-BA85-4554A35E85EE}.Release|Any CPU.ActiveCfg = Release|Any CPU
		{86313D72-5297-4BD0-BA85-4554A35E85EE}.Release|Any CPU.Build.0 = Release|Any CPU
		{C337E6F9-1744-449D-A1CD-9D69B02EC18A}.Debug|Any CPU.ActiveCfg = Debug
		{C337E6F9-1744-449D-A1CD-9D69B02EC18A}.Release|Any CPU.ActiveCfg = Release
	EndGlobalSection
	GlobalSection(SolutionProperties) = preSolution
		HideSolutionNode = FALSE
	EndGlobalSection
	GlobalSection(ExtensibilityGlobals) = postSolution
		SolutionGuid = {D4CA2BF2-A6DF-4FE4-817D-53CC88A3856E}
	EndGlobalSection
EndGlobal
