
Microsoft Visual Studio Solution File, Format Version 12.00
# Visual Studio 15
VisualStudioVersion = 15.0.27004.2009
MinimumVisualStudioVersion = 10.0.40219.1
Project("{FAE04EC0-301F-11D3-BF4B-00C04F79EFBC}") = "TestedApp", "TestedApp\TestedApp.csproj", "{57CDB45A-43B5-4831-BC57-3196FA26B5D1}"
EndProject
Project("{FAE04EC0-301F-11D3-BF4B-00C04F79EFBC}") = "TestedApp.Tests", "TestedApp.Tests\TestedApp.Tests.csproj", "{1A29D462-40C4-47E2-8247-592444ECB7D8}"
EndProject
Global
	GlobalSection(SolutionConfigurationPlatforms) = preSolution
		Debug|Any CPU = Debug|Any CPU
		Release|Any CPU = Release|Any CPU
	EndGlobalSection
	GlobalSection(ProjectConfigurationPlatforms) = postSolution
		{57CDB45A-43B5-4831-BC57-3196FA26B5D1}.Debug|Any CPU.ActiveCfg = Debug|Any CPU
		{57CDB45A-43B5-4831-BC57-3196FA26B5D1}.Debug|Any CPU.Build.0 = Debug|Any CPU
		{57CDB45A-43B5-4831-BC57-3196FA26B5D1}.Release|Any CPU.ActiveCfg = Release|Any CPU
		{57CDB45A-43B5-4831-BC57-3196FA26B5D1}.Release|Any CPU.Build.0 = Release|Any CPU
		{1A29D462-40C4-47E2-8247-592444ECB7D8}.Debug|Any CPU.ActiveCfg = Debug|Any CPU
		{1A29D462-40C4-47E2-8247-592444ECB7D8}.Debug|Any CPU.Build.0 = Debug|Any CPU
		{1A29D462-40C4-47E2-8247-592444ECB7D8}.Release|Any CPU.ActiveCfg = Release|Any CPU
		{1A29D462-40C4-47E2-8247-592444ECB7D8}.Release|Any CPU.Build.0 = Release|Any CPU
	EndGlobalSection
	GlobalSection(SolutionProperties) = preSolution
		HideSolutionNode = FALSE
	EndGlobalSection
	GlobalSection(ExtensibilityGlobals) = postSolution
		SolutionGuid = {F650B50A-8851-4C5E-BB9D-87262A373BE9}
	EndGlobalSection
EndGlobal
