
Microsoft Visual Studio Solution File, Format Version 12.00
# Visual Studio 15
VisualStudioVersion = 15.0.27004.2009
MinimumVisualStudioVersion = 10.0.40219.1
Project("{FAE04EC0-301F-11D3-BF4B-00C04F79EFBC}") = "BlogSite", "BlogSite\BlogSite.csproj", "{6B752996-7E77-4B51-9E99-F7E5220260EA}"
EndProject
Project("{FAE04EC0-301F-11D3-BF4B-00C04F79EFBC}") = "BlogSite.Tests", "BlogSite.Tests\BlogSite.Tests.csproj", "{6027F604-E3C7-44AE-AE56-CE5C1B1F043C}"
EndProject
Global
	GlobalSection(SolutionConfigurationPlatforms) = preSolution
		Debug|Any CPU = Debug|Any CPU
		Release|Any CPU = Release|Any CPU
	EndGlobalSection
	GlobalSection(ProjectConfigurationPlatforms) = postSolution
		{6B752996-7E77-4B51-9E99-F7E5220260EA}.Debug|Any CPU.ActiveCfg = Debug|Any CPU
		{6B752996-7E77-4B51-9E99-F7E5220260EA}.Debug|Any CPU.Build.0 = Debug|Any CPU
		{6B752996-7E77-4B51-9E99-F7E5220260EA}.Release|Any CPU.ActiveCfg = Release|Any CPU
		{6B752996-7E77-4B51-9E99-F7E5220260EA}.Release|Any CPU.Build.0 = Release|Any CPU
		{6027F604-E3C7-44AE-AE56-CE5C1B1F043C}.Debug|Any CPU.ActiveCfg = Debug|Any CPU
		{6027F604-E3C7-44AE-AE56-CE5C1B1F043C}.Debug|Any CPU.Build.0 = Debug|Any CPU
		{6027F604-E3C7-44AE-AE56-CE5C1B1F043C}.Release|Any CPU.ActiveCfg = Release|Any CPU
		{6027F604-E3C7-44AE-AE56-CE5C1B1F043C}.Release|Any CPU.Build.0 = Release|Any CPU
	EndGlobalSection
	GlobalSection(SolutionProperties) = preSolution
		HideSolutionNode = FALSE
	EndGlobalSection
	GlobalSection(ExtensibilityGlobals) = postSolution
		SolutionGuid = {1CF531DF-83CA-449B-AFCE-9A74B4E512A1}
	EndGlobalSection
EndGlobal
