
Microsoft Visual Studio Solution File, Format Version 12.00
# Visual Studio 15
VisualStudioVersion = 15.0.27004.2009
MinimumVisualStudioVersion = 10.0.40219.1
Project("{FAE04EC0-301F-11D3-BF4B-00C04F79EFBC}") = "GetStartedWeb", "GetStartedWeb\GetStartedWeb.csproj", "{C55F1925-0AEA-4D1D-ADC8-F4F5CE771E9D}"
EndProject
Global
	GlobalSection(SolutionConfigurationPlatforms) = preSolution
		Debug|Any CPU = Debug|Any CPU
		Release|Any CPU = Release|Any CPU
	EndGlobalSection
	GlobalSection(ProjectConfigurationPlatforms) = postSolution
		{C55F1925-0AEA-4D1D-ADC8-F4F5CE771E9D}.Debug|Any CPU.ActiveCfg = Debug|Any CPU
		{C55F1925-0AEA-4D1D-ADC8-F4F5CE771E9D}.Debug|Any CPU.Build.0 = Debug|Any CPU
		{C55F1925-0AEA-4D1D-ADC8-F4F5CE771E9D}.Release|Any CPU.ActiveCfg = Release|Any CPU
		{C55F1925-0AEA-4D1D-ADC8-F4F5CE771E9D}.Release|Any CPU.Build.0 = Release|Any CPU
	EndGlobalSection
	GlobalSection(SolutionProperties) = preSolution
		HideSolutionNode = FALSE
	EndGlobalSection
	GlobalSection(ExtensibilityGlobals) = postSolution
		SolutionGuid = {8C873266-BA21-40E6-9DBB-63168D16BB32}
	EndGlobalSection
EndGlobal
