
Microsoft Visual Studio Solution File, Format Version 12.00
# Visual Studio 15
VisualStudioVersion = 15.0.27004.2009
MinimumVisualStudioVersion = 10.0.40219.1
Project("{FAE04EC0-301F-11D3-BF4B-00C04F79EFBC}") = "WebSite", "WebSite\WebSite.csproj", "{B4375BBF-03AB-44DD-AAC5-9D9DC5CBC15D}"
EndProject
Global
	GlobalSection(SolutionConfigurationPlatforms) = preSolution
		Debug|Any CPU = Debug|Any CPU
		Release|Any CPU = Release|Any CPU
	EndGlobalSection
	GlobalSection(ProjectConfigurationPlatforms) = postSolution
		{B4375BBF-03AB-44DD-AAC5-9D9DC5CBC15D}.Debug|Any CPU.ActiveCfg = Debug|Any CPU
		{B4375BBF-03AB-44DD-AAC5-9D9DC5CBC15D}.Debug|Any CPU.Build.0 = Debug|Any CPU
		{B4375BBF-03AB-44DD-AAC5-9D9DC5CBC15D}.Release|Any CPU.ActiveCfg = Release|Any CPU
		{B4375BBF-03AB-44DD-AAC5-9D9DC5CBC15D}.Release|Any CPU.Build.0 = Release|Any CPU
	EndGlobalSection
	GlobalSection(SolutionProperties) = preSolution
		HideSolutionNode = FALSE
	EndGlobalSection
	GlobalSection(ExtensibilityGlobals) = postSolution
		SolutionGuid = {1EC48CE0-5B48-46A8-981B-0029318D0259}
	EndGlobalSection
EndGlobal
